// !$*UTF8*$!
{
	archiveVersion = 1;
	classes = {
	};
	objectVersion = 50;
	objects = {

/* Begin PBXBuildFile section */
		B5B46CD422B91D88002E9B82 /* BullsEye.html in Resources */ = {isa = PBXBuildFile; fileRef = B5B46CD322B91D88002E9B82 /* BullsEye.html */; };
		B5B46CD722B923EA002E9B82 /* WebKit.framework in Frameworks */ = {isa = PBXBuildFile; fileRef = B5B46CD622B923EA002E9B82 /* WebKit.framework */; };
		B5C9DFFE22A1F92D0030ADD9 /* AboutViewController.swift in Sources */ = {isa = PBXBuildFile; fileRef = B5C9DFFD22A1F92D0030ADD9 /* AboutViewController.swift */; };
		B5C9E00022A1FAA60030ADD9 /* AuthorViewController.swift in Sources */ = {isa = PBXBuildFile; fileRef = B5C9DFFF22A1FAA60030ADD9 /* AuthorViewController.swift */; };
		B5FC8B5922A09AC7001E29AE /* AppDelegate.swift in Sources */ = {isa = PBXBuildFile; fileRef = B5FC8B5822A09AC7001E29AE /* AppDelegate.swift */; };
		B5FC8B5B22A09AC7001E29AE /* ViewController.swift in Sources */ = {isa = PBXBuildFile; fileRef = B5FC8B5A22A09AC7001E29AE /* ViewController.swift */; };
		B5FC8B5E22A09AC7001E29AE /* Main.storyboard in Resources */ = {isa = PBXBuildFile; fileRef = B5FC8B5C22A09AC7001E29AE /* Main.storyboard */; };
		B5FC8B6022A09AC8001E29AE /* Assets.xcassets in Resources */ = {isa = PBXBuildFile; fileRef = B5FC8B5F22A09AC8001E29AE /* Assets.xcassets */; };
		B5FC8B6322A09AC8001E29AE /* LaunchScreen.storyboard in Resources */ = {isa = PBXBuildFile; fileRef = B5FC8B6122A09AC8001E29AE /* LaunchScreen.storyboard */; };
/* End PBXBuildFile section */

/* Begin PBXFileReference section */
		B5B46CD322B91D88002E9B82 /* BullsEye.html */ = {isa = PBXFileReference; fileEncoding = 4; lastKnownFileType = text.html; path = BullsEye.html; sourceTree = "<group>"; };
		B5B46CD622B923EA002E9B82 /* WebKit.framework */ = {isa = PBXFileReference; lastKnownFileType = wrapper.framework; name = WebKit.framework; path = System/Library/Frameworks/WebKit.framework; sourceTree = SDKROOT; };
		B5C9DFFD22A1F92D0030ADD9 /* AboutViewController.swift */ = {isa = PBXFileReference; lastKnownFileType = sourcecode.swift; path = AboutViewController.swift; sourceTree = "<group>"; };
		B5C9DFFF22A1FAA60030ADD9 /* AuthorViewController.swift */ = {isa = PBXFileReference; lastKnownFileType = sourcecode.swift; path = AuthorViewController.swift; sourceTree = "<group>"; };
		B5FC8B5522A09AC7001E29AE /* BullsEye.app */ = {isa = PBXFileReference; explicitFileType = wrapper.application; includeInIndex = 0; path = BullsEye.app; sourceTree = BUILT_PRODUCTS_DIR; };
		B5FC8B5822A09AC7001E29AE /* AppDelegate.swift */ = {isa = PBXFileReference; lastKnownFileType = sourcecode.swift; path = AppDelegate.swift; sourceTree = "<group>"; };
		B5FC8B5A22A09AC7001E29AE /* ViewController.swift */ = {isa = PBXFileReference; lastKnownFileType = sourcecode.swift; path = ViewController.swift; sourceTree = "<group>"; };
		B5FC8B5D22A09AC7001E29AE /* Base */ = {isa = PBXFileReference; lastKnownFileType = file.storyboard; name = Base; path = Base.lproj/Main.storyboard; sourceTree = "<group>"; };
		B5FC8B5F22A09AC8001E29AE /* Assets.xcassets */ = {isa = PBXFileReference; lastKnownFileType = folder.assetcatalog; path = Assets.xcassets; sourceTree = "<group>"; };
		B5FC8B6222A09AC8001E29AE /* Base */ = {isa = PBXFileReference; lastKnownFileType = file.storyboard; name = Base; path = Base.lproj/LaunchScreen.storyboard; sourceTree = "<group>"; };
		B5FC8B6422A09AC8001E29AE /* Info.plist */ = {isa = PBXFileReference; lastKnownFileType = text.plist.xml; path = Info.plist; sourceTree = "<group>"; };
/* End PBXFileReference section */

/* Begin PBXFrameworksBuildPhase section */
		B5FC8B5222A09AC7001E29AE /* Frameworks */ = {
			isa = PBXFrameworksBuildPhase;
			buildActionMask = 2147483647;
			files = (
				B5B46CD722B923EA002E9B82 /* WebKit.framework in Frameworks */,
			);
			runOnlyForDeploymentPostprocessing = 0;
		};
/* End PBXFrameworksBuildPhase section */

/* Begin PBXGroup section */
		B5B46CD522B923E9002E9B82 /* Frameworks */ = {
			isa = PBXGroup;
			children = (
				B5B46CD622B923EA002E9B82 /* WebKit.framework */,
			);
			name = Frameworks;
			sourceTree = "<group>";
		};
		B5FC8B4C22A09AC6001E29AE = {
			isa = PBXGroup;
			children = (
				B5FC8B5722A09AC7001E29AE /* BullsEye */,
				B5FC8B5622A09AC7001E29AE /* Products */,
				B5B46CD522B923E9002E9B82 /* Frameworks */,
			);
			sourceTree = "<group>";
		};
		B5FC8B5622A09AC7001E29AE /* Products */ = {
			isa = PBXGroup;
			children = (
				B5FC8B5522A09AC7001E29AE /* BullsEye.app */,
			);
			name = Products;
			sourceTree = "<group>";
		};
		B5FC8B5722A09AC7001E29AE /* BullsEye */ = {
			isa = PBXGroup;
			children = (
				B5FC8B5822A09AC7001E29AE /* AppDelegate.swift */,
				B5FC8B5A22A09AC7001E29AE /* ViewController.swift */,
				B5C9DFFD22A1F92D0030ADD9 /* AboutViewController.swift */,
				B5FC8B5C22A09AC7001E29AE /* Main.storyboard */,
				B5C9DFFF22A1FAA60030ADD9 /* AuthorViewController.swift */,
				B5FC8B5F22A09AC8001E29AE /* Assets.xcassets */,
				B5FC8B6122A09AC8001E29AE /* LaunchScreen.storyboard */,
				B5FC8B6422A09AC8001E29AE /* Info.plist */,
				B5B46CD322B91D88002E9B82 /* BullsEye.html */,
			);
			path = BullsEye;
			sourceTree = "<group>";
		};
/* End PBXGroup section */

/* Begin PBXNativeTarget section */
		B5FC8B5422A09AC7001E29AE /* BullsEye */ = {
			isa = PBXNativeTarget;
			buildConfigurationList = B5FC8B6722A09AC8001E29AE /* Build configuration list for PBXNativeTarget "BullsEye" */;
			buildPhases = (
				B5FC8B5122A09AC7001E29AE /* Sources */,
				B5FC8B5222A09AC7001E29AE /* Frameworks */,
				B5FC8B5322A09AC7001E29AE /* Resources */,
			);
			buildRules = (
			);
			dependencies = (
			);
			name = BullsEye;
			productName = BullsEye;
			productReference = B5FC8B5522A09AC7001E29AE /* BullsEye.app */;
			productType = "com.apple.product-type.application";
		};
/* End PBXNativeTarget section */

/* Begin PBXProject section */
		B5FC8B4D22A09AC6001E29AE /* Project object */ = {
			isa = PBXProject;
			attributes = {
				LastSwiftUpdateCheck = 1020;
				LastUpgradeCheck = 1020;
				ORGANIZATIONNAME = "Raaghav Goel";
				TargetAttributes = {
					B5FC8B5422A09AC7001E29AE = {
						CreatedOnToolsVersion = 10.2.1;
					};
				};
			};
			buildConfigurationList = B5FC8B5022A09AC6001E29AE /* Build configuration list for PBXProject "BullsEye" */;
			compatibilityVersion = "Xcode 9.3";
			developmentRegion = en;
			hasScannedForEncodings = 0;
			knownRegions = (
				en,
				Base,
			);
			mainGroup = B5FC8B4C22A09AC6001E29AE;
			productRefGroup = B5FC8B5622A09AC7001E29AE /* Products */;
			projectDirPath = "";
			projectRoot = "";
			targets = (
				B5FC8B5422A09AC7001E29AE /* BullsEye */,
			);
		};
/* End PBXProject section */

/* Begin PBXResourcesBuildPhase section */
		B5FC8B5322A09AC7001E29AE /* Resources */ = {
			isa = PBXResourcesBuildPhase;
			buildActionMask = 2147483647;
			files = (
				B5FC8B6322A09AC8001E29AE /* LaunchScreen.storyboard in Resources */,
				B5B46CD422B91D88002E9B82 /* BullsEye.html in Resources */,
				B5FC8B6022A09AC8001E29AE /* Assets.xcassets in Resources */,
				B5FC8B5E22A09AC7001E29AE /* Main.storyboard in Resources */,
			);
			runOnlyForDeploymentPostprocessing = 0;
		};
/* End PBXResourcesBuildPhase section */

/* Begin PBXSourcesBuildPhase section */
		B5FC8B5122A09AC7001E29AE /* Sources */ = {
			isa = PBXSourcesBuildPhase;
			buildActionMask = 2147483647;
			files = (
				B5C9DFFE22A1F92D0030ADD9 /* AboutViewController.swift in Sources */,
				B5FC8B5B22A09AC7001E29AE /* ViewController.swift in Sources */,
				B5FC8B5922A09AC7001E29AE /* AppDelegate.swift in Sources */,
				B5C9E00022A1FAA60030ADD9 /* AuthorViewController.swift in Sources */,
			);
			runOnlyForDeploymentPostprocessing = 0;
		};
/* End PBXSourcesBuildPhase section */

/* Begin PBXVariantGroup section */
		B5FC8B5C22A09AC7001E29AE /* Main.storyboard */ = {
			isa = PBXVariantGroup;
			children = (
				B5FC8B5D22A09AC7001E29AE /* Base */,
			);
			name = Main.storyboard;
			sourceTree = "<group>";
		};
		B5FC8B6122A09AC8001E29AE /* LaunchScreen.storyboard */ = {
			isa = PBXVariantGroup;
			children = (
				B5FC8B6222A09AC8001E29AE /* Base */,
			);
			name = LaunchScreen.storyboard;
			sourceTree = "<group>";
		};
/* End PBXVariantGroup section */

/* Begin XCBuildConfiguration section */
		B5FC8B6522A09AC8001E29AE /* Debug */ = {
			isa = XCBuildConfiguration;
			buildSettings = {
				ALWAYS_SEARCH_USER_PATHS = NO;
				CLANG_ANALYZER_NONNULL = YES;
				CLANG_ANALYZER_NUMBER_OBJECT_CONVERSION = YES_AGGRESSIVE;
				CLANG_CXX_LANGUAGE_STANDARD = "gnu++14";
				CLANG_CXX_LIBRARY = "libc++";
				CLANG_ENABLE_MODULES = YES;
				CLANG_ENABLE_OBJC_ARC = YES;
				CLANG_ENABLE_OBJC_WEAK = YES;
				CLANG_WARN_BLOCK_CAPTURE_AUTORELEASING = YES;
				CLANG_WARN_BOOL_CONVERSION = YES;
				CLANG_WARN_COMMA = YES;
				CLANG_WARN_CONSTANT_CONVERSION = YES;
				CLANG_WARN_DEPRECATED_OBJC_IMPLEMENTATIONS = YES;
				CLANG_WARN_DIRECT_OBJC_ISA_USAGE = YES_ERROR;
				CLANG_WARN_DOCUMENTATION_COMMENTS = YES;
				CLANG_WARN_EMPTY_BODY = YES;
				CLANG_WARN_ENUM_CONVERSION = YES;
				CLANG_WARN_INFINITE_RECURSION = YES;
				CLANG_WARN_INT_CONVERSION = YES;
				CLANG_WARN_NON_LITERAL_NULL_CONVERSION = YES;
				CLANG_WARN_OBJC_IMPLICIT_RETAIN_SELF = YES;
				CLANG_WARN_OBJC_LITERAL_CONVERSION = YES;
				CLANG_WARN_OBJC_ROOT_CLASS = YES_ERROR;
				CLANG_WARN_RANGE_LOOP_ANALYSIS = YES;
				CLANG_WARN_STRICT_PROTOTYPES = YES;
				CLANG_WARN_SUSPICIOUS_MOVE = YES;
				CLANG_WARN_UNGUARDED_AVAILABILITY = YES_AGGRESSIVE;
				CLANG_WARN_UNREACHABLE_CODE = YES;
				CLANG_WARN__DUPLICATE_METHOD_MATCH = YES;
				CODE_SIGN_IDENTITY = "iPhone Developer";
				COPY_PHASE_STRIP = NO;
				DEBUG_INFORMATION_FORMAT = dwarf;
				ENABLE_STRICT_OBJC_MSGSEND = YES;
				ENABLE_TESTABILITY = YES;
				GCC_C_LANGUAGE_STANDARD = gnu11;
				GCC_DYNAMIC_NO_PIC = NO;
				GCC_NO_COMMON_BLOCKS = YES;
				GCC_OPTIMIZATION_LEVEL = 0;
				GCC_PREPROCESSOR_DEFINITIONS = (
					"DEBUG=1",
					"$(inherited)",
				);
				GCC_WARN_64_TO_32_BIT_CONVERSION = YES;
				GCC_WARN_ABOUT_RETURN_TYPE = YES_ERROR;
				GCC_WARN_UNDECLARED_SELECTOR = YES;
				GCC_WARN_UNINITIALIZED_AUTOS = YES_AGGRESSIVE;
				GCC_WARN_UNUSED_FUNCTION = YES;
				GCC_WARN_UNUSED_VARIABLE = YES;
				IPHONEOS_DEPLOYMENT_TARGET = 12.2;
				MTL_ENABLE_DEBUG_INFO = INCLUDE_SOURCE;
				MTL_FAST_MATH = YES;
				ONLY_ACTIVE_ARCH = YES;
				SDKROOT = iphoneos;
				SWIFT_ACTIVE_COMPILATION_CONDITIONS = DEBUG;
				SWIFT_OPTIMIZATION_LEVEL = "-Onone";
			};
			name = Debug;
		};
		B5FC8B6622A09AC8001E29AE /* Release */ = {
			isa = XCBuildConfiguration;
			buildSettings = {
				ALWAYS_SEARCH_USER_PATHS = NO;
				CLANG_ANALYZER_NONNULL = YES;
				CLANG_ANALYZER_NUMBER_OBJECT_CONVERSION = YES_AGGRESSIVE;
				CLANG_CXX_LANGUAGE_STANDARD = "gnu++14";
				CLANG_CXX_LIBRARY = "libc++";
				CLANG_ENABLE_MODULES = YES;
				CLANG_ENABLE_OBJC_ARC = YES;
				CLANG_ENABLE_OBJC_WEAK = YES;
				CLANG_WARN_BLOCK_CAPTURE_AUTORELEASING = YES;
				CLANG_WARN_BOOL_CONVERSION = YES;
				CLANG_WARN_COMMA = YES;
				CLANG_WARN_CONSTANT_CONVERSION = YES;
				CLANG_WARN_DEPRECATED_OBJC_IMPLEMENTATIONS = YES;
				CLANG_WARN_DIRECT_OBJC_ISA_USAGE = YES_ERROR;
				CLANG_WARN_DOCUMENTATION_COMMENTS = YES;
				CLANG_WARN_EMPTY_BODY = YES;
				CLANG_WARN_ENUM_CONVERSION = YES;
				CLANG_WARN_INFINITE_RECURSION = YES;
				CLANG_WARN_INT_CONVERSION = YES;
				CLANG_WARN_NON_LITERAL_NULL_CONVERSION = YES;
				CLANG_WARN_OBJC_IMPLICIT_RETAIN_SELF = YES;
				CLANG_WARN_OBJC_LITERAL_CONVERSION = YES;
				CLANG_WARN_OBJC_ROOT_CLASS = YES_ERROR;
				CLANG_WARN_RANGE_LOOP_ANALYSIS = YES;
				CLANG_WARN_STRICT_PROTOTYPES = YES;
				CLANG_WARN_SUSPICIOUS_MOVE = YES;
				CLANG_WARN_UNGUARDED_AVAILABILITY = YES_AGGRESSIVE;
				CLANG_WARN_UNREACHABLE_CODE = YES;
				CLANG_WARN__DUPLICATE_METHOD_MATCH = YES;
				CODE_SIGN_IDENTITY = "iPhone Developer";
				COPY_PHASE_STRIP = NO;
				DEBUG_INFORMATION_FORMAT = "dwarf-with-dsym";
				ENABLE_NS_ASSERTIONS = NO;
				ENABLE_STRICT_OBJC_MSGSEND = YES;
				GCC_C_LANGUAGE_STANDARD = gnu11;
				GCC_NO_COMMON_BLOCKS = YES;
				GCC_WARN_64_TO_32_BIT_CONVERSION = YES;
				GCC_WARN_ABOUT_RETURN_TYPE = YES_ERROR;
				GCC_WARN_UNDECLARED_SELECTOR = YES;
				GCC_WARN_UNINITIALIZED_AUTOS = YES_AGGRESSIVE;
				GCC_WARN_UNUSED_FUNCTION = YES;
				GCC_WARN_UNUSED_VARIABLE = YES;
				IPHONEOS_DEPLOYMENT_TARGET = 12.2;
				MTL_ENABLE_DEBUG_INFO = NO;
				MTL_FAST_MATH = YES;
				SDKROOT = iphoneos;
				SWIFT_COMPILATION_MODE = wholemodule;
				SWIFT_OPTIMIZATION_LEVEL = "-O";
				VALIDATE_PRODUCT = YES;
			};
			name = Release;
		};
		B5FC8B6822A09AC8001E29AE /* Debug */ = {
			isa = XCBuildConfiguration;
			buildSettings = {
				ASSETCATALOG_COMPILER_APPICON_NAME = AppIcon;
				CODE_SIGN_STYLE = Automatic;
				DEVELOPMENT_TEAM = 93JTF8JR32;
				INFOPLIST_FILE = BullsEye/Info.plist;
				LD_RUNPATH_SEARCH_PATHS = (
					"$(inherited)",
					"@executable_path/Frameworks",
				);
				PRODUCT_BUNDLE_IDENTIFIER = com.rgoel.BullsEye;
				PRODUCT_NAME = "$(TARGET_NAME)";
				SWIFT_VERSION = 5.0;
				TARGETED_DEVICE_FAMILY = "1,2";
			};
			name = Debug;
		};
		B5FC8B6922A09AC8001E29AE /* Release */ = {
			isa = XCBuildConfiguration;
			buildSettings = {
				ASSETCATALOG_COMPILER_APPICON_NAME = AppIcon;
				CODE_SIGN_STYLE = Automatic;
				DEVELOPMENT_TEAM = 93JTF8JR32;
				INFOPLIST_FILE = BullsEye/Info.plist;
				LD_RUNPATH_SEARCH_PATHS = (
					"$(inherited)",
					"@executable_path/Frameworks",
				);
				PRODUCT_BUNDLE_IDENTIFIER = com.rgoel.BullsEye;
				PRODUCT_NAME = "$(TARGET_NAME)";
				SWIFT_VERSION = 5.0;
				TARGETED_DEVICE_FAMILY = "1,2";
			};
			name = Release;
		};
/* End XCBuildConfiguration section */

/* Begin XCConfigurationList section */
		B5FC8B5022A09AC6001E29AE /* Build configuration list for PBXProject "BullsEye" */ = {
			isa = XCConfigurationList;
			buildConfigurations = (
				B5FC8B6522A09AC8001E29AE /* Debug */,
				B5FC8B6622A09AC8001E29AE /* Release */,
			);
			defaultConfigurationIsVisible = 0;
			defaultConfigurationName = Release;
		};
		B5FC8B6722A09AC8001E29AE /* Build configuration list for PBXNativeTarget "BullsEye" */ = {
			isa = XCConfigurationList;
			buildConfigurations = (
				B5FC8B6822A09AC8001E29AE /* Debug */,
				B5FC8B6922A09AC8001E29AE /* Release */,
			);
			defaultConfigurationIsVisible = 0;
			defaultConfigurationName = Release;
		};
/* End XCConfigurationList section */
	};
	rootObject = B5FC8B4D22A09AC6001E29AE /* Project object */;
}
